# This file is automatically @generated by Cargo.
# It is not intended for manual editing.
version = 3

[[package]]
name = "spf"
version = "0.3.0"
source = "registry+https://github.com/rust-lang/crates.io-index"
checksum = "75029bb181f3faaadf5b4e2ebd75523ff74a9cf022f5adc9c8358b94352ee78e"

[[package]]
name = "web_spf"
version = "0.1.0"
dependencies = [
 "spf",
]
